// !$*UTF8*$!
{
	archiveVersion = 1;
	classes = {
	};
	objectVersion = 55;
	objects = {

/* Begin PBXBuildFile section */
		BC3CCAC92886D8200079E4DB /* AppCoordinator.swift in Sources */ = {isa = PBXBuildFile; fileRef = BC3CCAC82886D8200079E4DB /* AppCoordinator.swift */; };
		BC3CCACE2886DC0D0079E4DB /* Loadable.swift in Sources */ = {isa = PBXBuildFile; fileRef = BC3CCACD2886DC0D0079E4DB /* Loadable.swift */; };
		BC3CCAD02886EA350079E4DB /* MainCoordinator.swift in Sources */ = {isa = PBXBuildFile; fileRef = BC3CCACF2886EA350079E4DB /* MainCoordinator.swift */; };
		BC3CCAD22886EE2B0079E4DB /* Coordinator.swift in Sources */ = {isa = PBXBuildFile; fileRef = BC3CCAD12886EE2B0079E4DB /* Coordinator.swift */; };
		BC3CCAD4288706DA0079E4DB /* FavoriteListsViewController.swift in Sources */ = {isa = PBXBuildFile; fileRef = BC3CCAD3288706DA0079E4DB /* FavoriteListsViewController.swift */; };
		BC3CCADA288786130079E4DB /* ListItemTableViewCell.swift in Sources */ = {isa = PBXBuildFile; fileRef = BC3CCAD8288786130079E4DB /* ListItemTableViewCell.swift */; };
		BC3CCADB288786130079E4DB /* ListItemTableViewCell.xib in Resources */ = {isa = PBXBuildFile; fileRef = BC3CCAD9288786130079E4DB /* ListItemTableViewCell.xib */; };
		BCB985872886D58F000AE76A /* AppDelegate.swift in Sources */ = {isa = PBXBuildFile; fileRef = BCB985862886D58F000AE76A /* AppDelegate.swift */; };
		BCB985892886D58F000AE76A /* SceneDelegate.swift in Sources */ = {isa = PBXBuildFile; fileRef = BCB985882886D58F000AE76A /* SceneDelegate.swift */; };
		BCB9858B2886D58F000AE76A /* TopListViewController.swift in Sources */ = {isa = PBXBuildFile; fileRef = BCB9858A2886D58F000AE76A /* TopListViewController.swift */; };
		BCB9858E2886D58F000AE76A /* Main.storyboard in Resources */ = {isa = PBXBuildFile; fileRef = BCB9858C2886D58F000AE76A /* Main.storyboard */; };
		BCB985902886D593000AE76A /* Assets.xcassets in Resources */ = {isa = PBXBuildFile; fileRef = BCB9858F2886D593000AE76A /* Assets.xcassets */; };
		BCB985932886D593000AE76A /* LaunchScreen.storyboard in Resources */ = {isa = PBXBuildFile; fileRef = BCB985912886D593000AE76A /* LaunchScreen.storyboard */; };
/* End PBXBuildFile section */

/* Begin PBXFileReference section */
		BC3CCAC82886D8200079E4DB /* AppCoordinator.swift */ = {isa = PBXFileReference; fileEncoding = 4; lastKnownFileType = sourcecode.swift; path = AppCoordinator.swift; sourceTree = "<group>"; };
		BC3CCACD2886DC0D0079E4DB /* Loadable.swift */ = {isa = PBXFileReference; lastKnownFileType = sourcecode.swift; path = Loadable.swift; sourceTree = "<group>"; };
		BC3CCACF2886EA350079E4DB /* MainCoordinator.swift */ = {isa = PBXFileReference; lastKnownFileType = sourcecode.swift; path = MainCoordinator.swift; sourceTree = "<group>"; };
		BC3CCAD12886EE2B0079E4DB /* Coordinator.swift */ = {isa = PBXFileReference; lastKnownFileType = sourcecode.swift; path = Coordinator.swift; sourceTree = "<group>"; };
		BC3CCAD3288706DA0079E4DB /* FavoriteListsViewController.swift */ = {isa = PBXFileReference; lastKnownFileType = sourcecode.swift; path = FavoriteListsViewController.swift; sourceTree = "<group>"; };
		BC3CCAD8288786130079E4DB /* ListItemTableViewCell.swift */ = {isa = PBXFileReference; lastKnownFileType = sourcecode.swift; path = ListItemTableViewCell.swift; sourceTree = "<group>"; };
		BC3CCAD9288786130079E4DB /* ListItemTableViewCell.xib */ = {isa = PBXFileReference; lastKnownFileType = file.xib; path = ListItemTableViewCell.xib; sourceTree = "<group>"; };
		BCB985832886D58F000AE76A /* FavoriteList.app */ = {isa = PBXFileReference; explicitFileType = wrapper.application; includeInIndex = 0; path = FavoriteList.app; sourceTree = BUILT_PRODUCTS_DIR; };
		BCB985862886D58F000AE76A /* AppDelegate.swift */ = {isa = PBXFileReference; lastKnownFileType = sourcecode.swift; path = AppDelegate.swift; sourceTree = "<group>"; };
		BCB985882886D58F000AE76A /* SceneDelegate.swift */ = {isa = PBXFileReference; lastKnownFileType = sourcecode.swift; path = SceneDelegate.swift; sourceTree = "<group>"; };
		BCB9858A2886D58F000AE76A /* TopListViewController.swift */ = {isa = PBXFileReference; lastKnownFileType = sourcecode.swift; path = TopListViewController.swift; sourceTree = "<group>"; };
		BCB9858D2886D58F000AE76A /* Base */ = {isa = PBXFileReference; lastKnownFileType = file.storyboard; name = Base; path = Base.lproj/Main.storyboard; sourceTree = "<group>"; };
		BCB9858F2886D593000AE76A /* Assets.xcassets */ = {isa = PBXFileReference; lastKnownFileType = folder.assetcatalog; path = Assets.xcassets; sourceTree = "<group>"; };
		BCB985922886D593000AE76A /* Base */ = {isa = PBXFileReference; lastKnownFileType = file.storyboard; name = Base; path = Base.lproj/LaunchScreen.storyboard; sourceTree = "<group>"; };
		BCB985942886D593000AE76A /* Info.plist */ = {isa = PBXFileReference; lastKnownFileType = text.plist.xml; path = Info.plist; sourceTree = "<group>"; };
/* End PBXFileReference section */

/* Begin PBXFrameworksBuildPhase section */
		BCB985802886D58F000AE76A /* Frameworks */ = {
			isa = PBXFrameworksBuildPhase;
			buildActionMask = 2147483647;
			files = (
			);
			runOnlyForDeploymentPostprocessing = 0;
		};
/* End PBXFrameworksBuildPhase section */

/* Begin PBXGroup section */
		BC3CCAC72886D8080079E4DB /* Coordinator */ = {
			isa = PBXGroup;
			children = (
				BC3CCAC82886D8200079E4DB /* AppCoordinator.swift */,
				BC3CCACF2886EA350079E4DB /* MainCoordinator.swift */,
			);
			path = Coordinator;
			sourceTree = "<group>";
		};
		BC3CCACC2886DBED0079E4DB /* Supports */ = {
			isa = PBXGroup;
			children = (
				BC3CCACD2886DC0D0079E4DB /* Loadable.swift */,
				BC3CCAD12886EE2B0079E4DB /* Coordinator.swift */,
			);
			path = Supports;
			sourceTree = "<group>";
		};
		BCB9857A2886D58F000AE76A = {
			isa = PBXGroup;
			children = (
				BCB985852886D58F000AE76A /* FavoriteList */,
				BCB985842886D58F000AE76A /* Products */,
			);
			sourceTree = "<group>";
		};
		BCB985842886D58F000AE76A /* Products */ = {
			isa = PBXGroup;
			children = (
				BCB985832886D58F000AE76A /* FavoriteList.app */,
			);
			name = Products;
			sourceTree = "<group>";
		};
		BCB985852886D58F000AE76A /* FavoriteList */ = {
			isa = PBXGroup;
			children = (
				BCB985862886D58F000AE76A /* AppDelegate.swift */,
				BCB985882886D58F000AE76A /* SceneDelegate.swift */,
				BCB9858A2886D58F000AE76A /* TopListViewController.swift */,
				BC3CCAD8288786130079E4DB /* ListItemTableViewCell.swift */,
				BC3CCAD9288786130079E4DB /* ListItemTableViewCell.xib */,
				BC3CCAD3288706DA0079E4DB /* FavoriteListsViewController.swift */,
				BCB9858C2886D58F000AE76A /* Main.storyboard */,
				BC3CCAC72886D8080079E4DB /* Coordinator */,
				BC3CCACC2886DBED0079E4DB /* Supports */,
				BCB9858F2886D593000AE76A /* Assets.xcassets */,
				BCB985912886D593000AE76A /* LaunchScreen.storyboard */,
				BCB985942886D593000AE76A /* Info.plist */,
			);
			path = FavoriteList;
			sourceTree = "<group>";
		};
/* End PBXGroup section */

/* Begin PBXNativeTarget section */
		BCB985822886D58F000AE76A /* FavoriteList */ = {
			isa = PBXNativeTarget;
			buildConfigurationList = BCB985972886D593000AE76A /* Build configuration list for PBXNativeTarget "FavoriteList" */;
			buildPhases = (
				BCB9857F2886D58F000AE76A /* Sources */,
				BCB985802886D58F000AE76A /* Frameworks */,
				BCB985812886D58F000AE76A /* Resources */,
			);
			buildRules = (
			);
			dependencies = (
			);
			name = FavoriteList;
			productName = FavoriteList;
			productReference = BCB985832886D58F000AE76A /* FavoriteList.app */;
			productType = "com.apple.product-type.application";
		};
/* End PBXNativeTarget section */

/* Begin PBXProject section */
		BCB9857B2886D58F000AE76A /* Project object */ = {
			isa = PBXProject;
			attributes = {
				BuildIndependentTargetsInParallel = 1;
				LastSwiftUpdateCheck = 1330;
				LastUpgradeCheck = 1330;
				TargetAttributes = {
					BCB985822886D58F000AE76A = {
						CreatedOnToolsVersion = 13.3;
					};
				};
			};
			buildConfigurationList = BCB9857E2886D58F000AE76A /* Build configuration list for PBXProject "FavoriteList" */;
			compatibilityVersion = "Xcode 13.0";
			developmentRegion = en;
			hasScannedForEncodings = 0;
			knownRegions = (
				en,
				Base,
			);
			mainGroup = BCB9857A2886D58F000AE76A;
			productRefGroup = BCB985842886D58F000AE76A /* Products */;
			projectDirPath = "";
			projectRoot = "";
			targets = (
				BCB985822886D58F000AE76A /* FavoriteList */,
			);
		};
/* End PBXProject section */

/* Begin PBXResourcesBuildPhase section */
		BCB985812886D58F000AE76A /* Resources */ = {
			isa = PBXResourcesBuildPhase;
			buildActionMask = 2147483647;
			files = (
				BC3CCADB288786130079E4DB /* ListItemTableViewCell.xib in Resources */,
				BCB985932886D593000AE76A /* LaunchScreen.storyboard in Resources */,
				BCB985902886D593000AE76A /* Assets.xcassets in Resources */,
				BCB9858E2886D58F000AE76A /* Main.storyboard in Resources */,
			);
			runOnlyForDeploymentPostprocessing = 0;
		};
/* End PBXResourcesBuildPhase section */

/* Begin PBXSourcesBuildPhase section */
		BCB9857F2886D58F000AE76A /* Sources */ = {
			isa = PBXSourcesBuildPhase;
			buildActionMask = 2147483647;
			files = (
				BC3CCADA288786130079E4DB /* ListItemTableViewCell.swift in Sources */,
				BC3CCAC92886D8200079E4DB /* AppCoordinator.swift in Sources */,
				BC3CCAD02886EA350079E4DB /* MainCoordinator.swift in Sources */,
				BCB9858B2886D58F000AE76A /* TopListViewController.swift in Sources */,
				BCB985872886D58F000AE76A /* AppDelegate.swift in Sources */,
				BCB985892886D58F000AE76A /* SceneDelegate.swift in Sources */,
				BC3CCAD4288706DA0079E4DB /* FavoriteListsViewController.swift in Sources */,
				BC3CCACE2886DC0D0079E4DB /* Loadable.swift in Sources */,
				BC3CCAD22886EE2B0079E4DB /* Coordinator.swift in Sources */,
			);
			runOnlyForDeploymentPostprocessing = 0;
		};
/* End PBXSourcesBuildPhase section */

/* Begin PBXVariantGroup section */
		BCB9858C2886D58F000AE76A /* Main.storyboard */ = {
			isa = PBXVariantGroup;
			children = (
				BCB9858D2886D58F000AE76A /* Base */,
			);
			name = Main.storyboard;
			sourceTree = "<group>";
		};
		BCB985912886D593000AE76A /* LaunchScreen.storyboard */ = {
			isa = PBXVariantGroup;
			children = (
				BCB985922886D593000AE76A /* Base */,
			);
			name = LaunchScreen.storyboard;
			sourceTree = "<group>";
		};
/* End PBXVariantGroup section */

/* Begin XCBuildConfiguration section */
		BCB985952886D593000AE76A /* Debug */ = {
			isa = XCBuildConfiguration;
			buildSettings = {
				ALWAYS_SEARCH_USER_PATHS = NO;
				CLANG_ANALYZER_NONNULL = YES;
				CLANG_ANALYZER_NUMBER_OBJECT_CONVERSION = YES_AGGRESSIVE;
				CLANG_CXX_LANGUAGE_STANDARD = "gnu++17";
				CLANG_ENABLE_MODULES = YES;
				CLANG_ENABLE_OBJC_ARC = YES;
				CLANG_ENABLE_OBJC_WEAK = YES;
				CLANG_WARN_BLOCK_CAPTURE_AUTORELEASING = YES;
				CLANG_WARN_BOOL_CONVERSION = YES;
				CLANG_WARN_COMMA = YES;
				CLANG_WARN_CONSTANT_CONVERSION = YES;
				CLANG_WARN_DEPRECATED_OBJC_IMPLEMENTATIONS = YES;
				CLANG_WARN_DIRECT_OBJC_ISA_USAGE = YES_ERROR;
				CLANG_WARN_DOCUMENTATION_COMMENTS = YES;
				CLANG_WARN_EMPTY_BODY = YES;
				CLANG_WARN_ENUM_CONVERSION = YES;
				CLANG_WARN_INFINITE_RECURSION = YES;
				CLANG_WARN_INT_CONVERSION = YES;
				CLANG_WARN_NON_LITERAL_NULL_CONVERSION = YES;
				CLANG_WARN_OBJC_IMPLICIT_RETAIN_SELF = YES;
				CLANG_WARN_OBJC_LITERAL_CONVERSION = YES;
				CLANG_WARN_OBJC_ROOT_CLASS = YES_ERROR;
				CLANG_WARN_QUOTED_INCLUDE_IN_FRAMEWORK_HEADER = YES;
				CLANG_WARN_RANGE_LOOP_ANALYSIS = YES;
				CLANG_WARN_STRICT_PROTOTYPES = YES;
				CLANG_WARN_SUSPICIOUS_MOVE = YES;
				CLANG_WARN_UNGUARDED_AVAILABILITY = YES_AGGRESSIVE;
				CLANG_WARN_UNREACHABLE_CODE = YES;
				CLANG_WARN__DUPLICATE_METHOD_MATCH = YES;
				COPY_PHASE_STRIP = NO;
				DEBUG_INFORMATION_FORMAT = dwarf;
				ENABLE_STRICT_OBJC_MSGSEND = YES;
				ENABLE_TESTABILITY = YES;
				GCC_C_LANGUAGE_STANDARD = gnu11;
				GCC_DYNAMIC_NO_PIC = NO;
				GCC_NO_COMMON_BLOCKS = YES;
				GCC_OPTIMIZATION_LEVEL = 0;
				GCC_PREPROCESSOR_DEFINITIONS = (
					"DEBUG=1",
					"$(inherited)",
				);
				GCC_WARN_64_TO_32_BIT_CONVERSION = YES;
				GCC_WARN_ABOUT_RETURN_TYPE = YES_ERROR;
				GCC_WARN_UNDECLARED_SELECTOR = YES;
				GCC_WARN_UNINITIALIZED_AUTOS = YES_AGGRESSIVE;
				GCC_WARN_UNUSED_FUNCTION = YES;
				GCC_WARN_UNUSED_VARIABLE = YES;
				IPHONEOS_DEPLOYMENT_TARGET = 15.4;
				MTL_ENABLE_DEBUG_INFO = INCLUDE_SOURCE;
				MTL_FAST_MATH = YES;
				ONLY_ACTIVE_ARCH = YES;
				SDKROOT = iphoneos;
				SWIFT_ACTIVE_COMPILATION_CONDITIONS = DEBUG;
				SWIFT_OPTIMIZATION_LEVEL = "-Onone";
			};
			name = Debug;
		};
		BCB985962886D593000AE76A /* Release */ = {
			isa = XCBuildConfiguration;
			buildSettings = {
				ALWAYS_SEARCH_USER_PATHS = NO;
				CLANG_ANALYZER_NONNULL = YES;
				CLANG_ANALYZER_NUMBER_OBJECT_CONVERSION = YES_AGGRESSIVE;
				CLANG_CXX_LANGUAGE_STANDARD = "gnu++17";
				CLANG_ENABLE_MODULES = YES;
				CLANG_ENABLE_OBJC_ARC = YES;
				CLANG_ENABLE_OBJC_WEAK = YES;
				CLANG_WARN_BLOCK_CAPTURE_AUTORELEASING = YES;
				CLANG_WARN_BOOL_CONVERSION = YES;
				CLANG_WARN_COMMA = YES;
				CLANG_WARN_CONSTANT_CONVERSION = YES;
				CLANG_WARN_DEPRECATED_OBJC_IMPLEMENTATIONS = YES;
				CLANG_WARN_DIRECT_OBJC_ISA_USAGE = YES_ERROR;
				CLANG_WARN_DOCUMENTATION_COMMENTS = YES;
				CLANG_WARN_EMPTY_BODY = YES;
				CLANG_WARN_ENUM_CONVERSION = YES;
				CLANG_WARN_INFINITE_RECURSION = YES;
				CLANG_WARN_INT_CONVERSION = YES;
				CLANG_WARN_NON_LITERAL_NULL_CONVERSION = YES;
				CLANG_WARN_OBJC_IMPLICIT_RETAIN_SELF = YES;
				CLANG_WARN_OBJC_LITERAL_CONVERSION = YES;
				CLANG_WARN_OBJC_ROOT_CLASS = YES_ERROR;
				CLANG_WARN_QUOTED_INCLUDE_IN_FRAMEWORK_HEADER = YES;
				CLANG_WARN_RANGE_LOOP_ANALYSIS = YES;
				CLANG_WARN_STRICT_PROTOTYPES = YES;
				CLANG_WARN_SUSPICIOUS_MOVE = YES;
				CLANG_WARN_UNGUARDED_AVAILABILITY = YES_AGGRESSIVE;
				CLANG_WARN_UNREACHABLE_CODE = YES;
				CLANG_WARN__DUPLICATE_METHOD_MATCH = YES;
				COPY_PHASE_STRIP = NO;
				DEBUG_INFORMATION_FORMAT = "dwarf-with-dsym";
				ENABLE_NS_ASSERTIONS = NO;
				ENABLE_STRICT_OBJC_MSGSEND = YES;
				GCC_C_LANGUAGE_STANDARD = gnu11;
				GCC_NO_COMMON_BLOCKS = YES;
				GCC_WARN_64_TO_32_BIT_CONVERSION = YES;
				GCC_WARN_ABOUT_RETURN_TYPE = YES_ERROR;
				GCC_WARN_UNDECLARED_SELECTOR = YES;
				GCC_WARN_UNINITIALIZED_AUTOS = YES_AGGRESSIVE;
				GCC_WARN_UNUSED_FUNCTION = YES;
				GCC_WARN_UNUSED_VARIABLE = YES;
				IPHONEOS_DEPLOYMENT_TARGET = 15.4;
				MTL_ENABLE_DEBUG_INFO = NO;
				MTL_FAST_MATH = YES;
				SDKROOT = iphoneos;
				SWIFT_COMPILATION_MODE = wholemodule;
				SWIFT_OPTIMIZATION_LEVEL = "-O";
				VALIDATE_PRODUCT = YES;
			};
			name = Release;
		};
		BCB985982886D593000AE76A /* Debug */ = {
			isa = XCBuildConfiguration;
			buildSettings = {
				ASSETCATALOG_COMPILER_APPICON_NAME = AppIcon;
				ASSETCATALOG_COMPILER_GLOBAL_ACCENT_COLOR_NAME = AccentColor;
				CODE_SIGN_STYLE = Automatic;
				CURRENT_PROJECT_VERSION = 1;
				DEVELOPMENT_TEAM = QFV4TB88RW;
				GENERATE_INFOPLIST_FILE = YES;
				INFOPLIST_FILE = FavoriteList/Info.plist;
				INFOPLIST_KEY_UIApplicationSupportsIndirectInputEvents = YES;
				INFOPLIST_KEY_UILaunchStoryboardName = LaunchScreen;
				INFOPLIST_KEY_UIMainStoryboardFile = Main;
				INFOPLIST_KEY_UISupportedInterfaceOrientations_iPad = "UIInterfaceOrientationPortrait UIInterfaceOrientationPortraitUpsideDown UIInterfaceOrientationLandscapeLeft UIInterfaceOrientationLandscapeRight";
				INFOPLIST_KEY_UISupportedInterfaceOrientations_iPhone = "UIInterfaceOrientationPortrait UIInterfaceOrientationLandscapeLeft UIInterfaceOrientationLandscapeRight";
				LD_RUNPATH_SEARCH_PATHS = (
					"$(inherited)",
					"@executable_path/Frameworks",
				);
				MARKETING_VERSION = 1.0;
				PRODUCT_BUNDLE_IDENTIFIER = com.gogolook.interview.FavoriteList;
				PRODUCT_NAME = "$(TARGET_NAME)";
				SWIFT_EMIT_LOC_STRINGS = YES;
				SWIFT_VERSION = 5.0;
				TARGETED_DEVICE_FAMILY = "1,2";
			};
			name = Debug;
		};
		BCB985992886D593000AE76A /* Release */ = {
			isa = XCBuildConfiguration;
			buildSettings = {
				ASSETCATALOG_COMPILER_APPICON_NAME = AppIcon;
				ASSETCATALOG_COMPILER_GLOBAL_ACCENT_COLOR_NAME = AccentColor;
				CODE_SIGN_STYLE = Automatic;
				CURRENT_PROJECT_VERSION = 1;
				DEVELOPMENT_TEAM = QFV4TB88RW;
				GENERATE_INFOPLIST_FILE = YES;
				INFOPLIST_FILE = FavoriteList/Info.plist;
				INFOPLIST_KEY_UIApplicationSupportsIndirectInputEvents = YES;
				INFOPLIST_KEY_UILaunchStoryboardName = LaunchScreen;
				INFOPLIST_KEY_UIMainStoryboardFile = Main;
				INFOPLIST_KEY_UISupportedInterfaceOrientations_iPad = "UIInterfaceOrientationPortrait UIInterfaceOrientationPortraitUpsideDown UIInterfaceOrientationLandscapeLeft UIInterfaceOrientationLandscapeRight";
				INFOPLIST_KEY_UISupportedInterfaceOrientations_iPhone = "UIInterfaceOrientationPortrait UIInterfaceOrientationLandscapeLeft UIInterfaceOrientationLandscapeRight";
				LD_RUNPATH_SEARCH_PATHS = (
					"$(inherited)",
					"@executable_path/Frameworks",
				);
				MARKETING_VERSION = 1.0;
				PRODUCT_BUNDLE_IDENTIFIER = com.gogolook.interview.FavoriteList;
				PRODUCT_NAME = "$(TARGET_NAME)";
				SWIFT_EMIT_LOC_STRINGS = YES;
				SWIFT_VERSION = 5.0;
				TARGETED_DEVICE_FAMILY = "1,2";
			};
			name = Release;
		};
/* End XCBuildConfiguration section */

/* Begin XCConfigurationList section */
		BCB9857E2886D58F000AE76A /* Build configuration list for PBXProject "FavoriteList" */ = {
			isa = XCConfigurationList;
			buildConfigurations = (
				BCB985952886D593000AE76A /* Debug */,
				BCB985962886D593000AE76A /* Release */,
			);
			defaultConfigurationIsVisible = 0;
			defaultConfigurationName = Release;
		};
		BCB985972886D593000AE76A /* Build configuration list for PBXNativeTarget "FavoriteList" */ = {
			isa = XCConfigurationList;
			buildConfigurations = (
				BCB985982886D593000AE76A /* Debug */,
				BCB985992886D593000AE76A /* Release */,
			);
			defaultConfigurationIsVisible = 0;
			defaultConfigurationName = Release;
		};
/* End XCConfigurationList section */
	};
	rootObject = BCB9857B2886D58F000AE76A /* Project object */;
}
